<?xml version="1.0" encoding="utf-8"?>
<Project ToolsVersion="4.0" xmlns="http://schemas.microsoft.com/developer/msbuild/2003">
  <ItemGroup>
    <Filter Include="Core">
      <UniqueIdentifier>{2EB4837C-1AEB-840D-C3D7-6A10AFED000F}</UniqueIdentifier>
    </Filter>
  </ItemGroup>
  <ItemGroup>
    <ClInclude Include="src\mhttp.hpp" />
    <ClInclude Include="src\mpch.hpp" />
    <ClInclude Include="src\Queue\ThreadSafeQueue.hpp" />
    <ClInclude Include="src\Http\HttpRequest.hpp">
      <Filter>Core</Filter>
    </ClInclude>
    <ClInclude Include="src\Http\HttpRequestOptions.hpp">
      <Filter>Core</Filter>
    </ClInclude>
    <ClInclude Include="src\Http\HttpResponse.hpp">
      <Filter>Core</Filter>
    </ClInclude>
    <ClInclude Include="src\Core\Client.h" />
  </ItemGroup>
  <ItemGroup>
    <ClCompile Include="src\mpch.cpp" />
    <ClCompile Include="src\Queue\ThreadSafeQueue.cpp" />
    <ClCompile Include="src\Http\HttpRequest.cpp">
      <Filter>Core</Filter>
    </ClCompile>
    <ClCompile Include="src\Core\Client.cpp" />
  </ItemGroup>
</Project>